
Microsoft Visual Studio Solution File, Format Version 12.00
# Visual Studio Version 16
VisualStudioVersion = 16.0.31019.35
MinimumVisualStudioVersion = 10.0.40219.1
Project("{FAE04EC0-301F-11D3-BF4B-00C04F79EFBC}") = "AngularJSTest", "AngularJSTest\AngularJSTest.csproj", "{A5EE27A7-B000-45CC-A084-B618B5C9DD83}"
EndProject
Global
	GlobalSection(SolutionConfigurationPlatforms) = preSolution
		Debug|Any CPU = Debug|Any CPU
		Release|Any CPU = Release|Any CPU
	EndGlobalSection
	GlobalSection(ProjectConfigurationPlatforms) = postSolution
		{A5EE27A7-B000-45CC-A084-B618B5C9DD83}.Debug|Any CPU.ActiveCfg = Debug|Any CPU
		{A5EE27A7-B000-45CC-A084-B618B5C9DD83}.Debug|Any CPU.Build.0 = Debug|Any CPU
		{A5EE27A7-B000-45CC-A084-B618B5C9DD83}.Release|Any CPU.ActiveCfg = Release|Any CPU
		{A5EE27A7-B000-45CC-A084-B618B5C9DD83}.Release|Any CPU.Build.0 = Release|Any CPU
	EndGlobalSection
	GlobalSection(SolutionProperties) = preSolution
		HideSolutionNode = FALSE
	EndGlobalSection
	GlobalSection(ExtensibilityGlobals) = postSolution
		SolutionGuid = {A37D0387-253A-4F44-A8AD-72EFCBD363CD}
	EndGlobalSection
EndGlobal
